// !$*UTF8*$!
{
	archiveVersion = 1;
	classes = {
	};
	objectVersion = 46;
	objects = {

/* Begin PBXBuildFile section */
		15C2540FA1606736E99CC48C /* main.cpp in Sources */ = {isa = PBXBuildFile; fileRef = E18D511756A9CD13C5368A51 /* main.cpp */; };
		58B675D91DAF71D10011BEB2 /* Shader.fsh in Resources */ = {isa = PBXBuildFile; fileRef = 58B675D81DAF71D10011BEB2 /* Shader.fsh */; };
		58B675DB1DAF71D10011BEB2 /* Shader.vsh in Resources */ = {isa = PBXBuildFile; fileRef = 58B675DA1DAF71D10011BEB2 /* Shader.vsh */; };
		58B675E11DAF71D10011BEB2 /* Main.storyboard in Resources */ = {isa = PBXBuildFile; fileRef = 58B675DF1DAF71D10011BEB2 /* Main.storyboard */; };
		58B675E31DAF71D10011BEB2 /* Assets.xcassets in Resources */ = {isa = PBXBuildFile; fileRef = 58B675E21DAF71D10011BEB2 /* Assets.xcassets */; };
		58B675E61DAF71D10011BEB2 /* LaunchScreen.storyboard in Resources */ = {isa = PBXBuildFile; fileRef = 58B675E41DAF71D10011BEB2 /* LaunchScreen.storyboard */; };
		B6FC8E19A4335DF9D1E804EC /* main.cpp in Sources */ = {isa = PBXBuildFile; fileRef = 2E353BF89A0BDEADA334C753 /* main.cpp */; };
/* End PBXBuildFile section */

/* Begin PBXFileReference section */
		2E353BF89A0BDEADA334C753 /* main.cpp */ = {isa = PBXFileReference; lastKnownFileType = sourcecode.cpp.cpp; path = main.cpp; sourceTree = "<group>"; };
		58B675CF1DAF71D10011BEB2 /* c2d-tests-moe.app */ = {isa = PBXFileReference; explicitFileType = wrapper.application; includeInIndex = 0; path = "c2d-tests-moe.app"; sourceTree = BUILT_PRODUCTS_DIR; };
		58B675D81DAF71D10011BEB2 /* Shader.fsh */ = {isa = PBXFileReference; lastKnownFileType = sourcecode.glsl; name = Shader.fsh; path = Shaders/Shader.fsh; sourceTree = "<group>"; };
		58B675DA1DAF71D10011BEB2 /* Shader.vsh */ = {isa = PBXFileReference; lastKnownFileType = sourcecode.glsl; name = Shader.vsh; path = Shaders/Shader.vsh; sourceTree = "<group>"; };
		58B675E01DAF71D10011BEB2 /* Base */ = {isa = PBXFileReference; lastKnownFileType = file.storyboard; name = Base; path = Base.lproj/Main.storyboard; sourceTree = "<group>"; };
		58B675E21DAF71D10011BEB2 /* Assets.xcassets */ = {isa = PBXFileReference; lastKnownFileType = folder.assetcatalog; path = Assets.xcassets; sourceTree = "<group>"; };
		58B675E51DAF71D10011BEB2 /* Base */ = {isa = PBXFileReference; lastKnownFileType = file.storyboard; name = Base; path = Base.lproj/LaunchScreen.storyboard; sourceTree = "<group>"; };
		58B675E71DAF71D10011BEB2 /* Info.plist */ = {isa = PBXFileReference; lastKnownFileType = text.plist.xml; path = Info.plist; sourceTree = "<group>"; };
		58B675F11DAF71EE0011BEB2 /* c2d-tests-moe-Test.app */ = {isa = PBXFileReference; explicitFileType = wrapper.application; includeInIndex = 0; path = "c2d-tests-moe-Test.app"; sourceTree = BUILT_PRODUCTS_DIR; };
		58B676041DAF71EE0011BEB2 /* Info.plist */ = {isa = PBXFileReference; lastKnownFileType = text.plist.xml; path = Info.plist; sourceTree = "<group>"; };
		E18D511756A9CD13C5368A51 /* main.cpp */ = {isa = PBXFileReference; lastKnownFileType = sourcecode.cpp.cpp; path = main.cpp; sourceTree = "<group>"; };
/* End PBXFileReference section */

/* Begin PBXFrameworksBuildPhase section */
		58B675CC1DAF71D10011BEB2 /* Frameworks */ = {
			isa = PBXFrameworksBuildPhase;
			buildActionMask = 2147483647;
			files = (
			);
			runOnlyForDeploymentPostprocessing = 0;
		};
		58B675EE1DAF71EE0011BEB2 /* Frameworks */ = {
			isa = PBXFrameworksBuildPhase;
			buildActionMask = 2147483647;
			files = (
			);
			runOnlyForDeploymentPostprocessing = 0;
		};
/* End PBXFrameworksBuildPhase section */

/* Begin PBXGroup section */
		58B675C61DAF71D10011BEB2 = {
			isa = PBXGroup;
			children = (
				58B675D11DAF71D10011BEB2 /* c2d-tests-moe */,
				58B675F21DAF71EE0011BEB2 /* c2d-tests-moe-Test */,
				58B675D01DAF71D10011BEB2 /* Products */,
			);
			sourceTree = "<group>";
		};
		58B675D01DAF71D10011BEB2 /* Products */ = {
			isa = PBXGroup;
			children = (
				58B675CF1DAF71D10011BEB2 /* c2d-tests-moe.app */,
				58B675F11DAF71EE0011BEB2 /* c2d-tests-moe-Test.app */,
			);
			name = Products;
			sourceTree = "<group>";
		};
		58B675D11DAF71D10011BEB2 /* c2d-tests-moe */ = {
			isa = PBXGroup;
			children = (
				58B675D81DAF71D10011BEB2 /* Shader.fsh */,
				58B675DA1DAF71D10011BEB2 /* Shader.vsh */,
				58B675DF1DAF71D10011BEB2 /* Main.storyboard */,
				58B675E21DAF71D10011BEB2 /* Assets.xcassets */,
				58B675E41DAF71D10011BEB2 /* LaunchScreen.storyboard */,
				58B675E71DAF71D10011BEB2 /* Info.plist */,
				58B675D21DAF71D10011BEB2 /* Supporting Files */,
			);
			path = "c2d-tests-moe";
			sourceTree = "<group>";
		};
		58B675D21DAF71D10011BEB2 /* Supporting Files */ = {
			isa = PBXGroup;
			children = (
				E18D511756A9CD13C5368A51 /* main.cpp */,
			);
			name = "Supporting Files";
			sourceTree = "<group>";
		};
		58B675F21DAF71EE0011BEB2 /* c2d-tests-moe-Test */ = {
			isa = PBXGroup;
			children = (
				58B676041DAF71EE0011BEB2 /* Info.plist */,
				58B675F31DAF71EE0011BEB2 /* Supporting Files */,
			);
			path = "c2d-tests-moe-Test";
			sourceTree = "<group>";
		};
		58B675F31DAF71EE0011BEB2 /* Supporting Files */ = {
			isa = PBXGroup;
			children = (
				2E353BF89A0BDEADA334C753 /* main.cpp */,
			);
			name = "Supporting Files";
			sourceTree = "<group>";
		};
/* End PBXGroup section */

/* Begin PBXNativeTarget section */
		58B675CE1DAF71D10011BEB2 /* c2d-tests-moe */ = {
			isa = PBXNativeTarget;
			buildConfigurationList = 58B675EA1DAF71D10011BEB2 /* Build configuration list for PBXNativeTarget "c2d-tests-moe" */;
			buildPhases = (
				C2C92CBA6F56F424EE5DB00A /* Compile Sources (MOE) */,
				58B675CB1DAF71D10011BEB2 /* Sources */,
				58B675CC1DAF71D10011BEB2 /* Frameworks */,
				58B675CD1DAF71D10011BEB2 /* Resources */,
			);
			buildRules = (
			);
			dependencies = (
			);
			name = "c2d-tests-moe";
			productName = "c2d-tests-moe";
			productReference = 58B675CF1DAF71D10011BEB2 /* c2d-tests-moe.app */;
			productType = "com.apple.product-type.application";
		};
		58B675F01DAF71EE0011BEB2 /* c2d-tests-moe-Test */ = {
			isa = PBXNativeTarget;
			buildConfigurationList = 58B676051DAF71EE0011BEB2 /* Build configuration list for PBXNativeTarget "c2d-tests-moe-Test" */;
			buildPhases = (
				BE3A077582C631C993172821 /* Compile Sources (MOE) */,
				58B675ED1DAF71EE0011BEB2 /* Sources */,
				58B675EE1DAF71EE0011BEB2 /* Frameworks */,
				58B675EF1DAF71EE0011BEB2 /* Resources */,
			);
			buildRules = (
			);
			dependencies = (
			);
			name = "c2d-tests-moe-Test";
			productName = "c2d-tests-moe-Test";
			productReference = 58B675F11DAF71EE0011BEB2 /* c2d-tests-moe-Test.app */;
			productType = "com.apple.product-type.application";
		};
/* End PBXNativeTarget section */

/* Begin PBXProject section */
		58B675C71DAF71D10011BEB2 /* Project object */ = {
			isa = PBXProject;
			attributes = {
				LastUpgradeCheck = 0730;
				ORGANIZATIONNAME = c2d;
				TargetAttributes = {
					58B675CE1DAF71D10011BEB2 = {
						CreatedOnToolsVersion = 7.3.1;
					};
					58B675F01DAF71EE0011BEB2 = {
						CreatedOnToolsVersion = 7.3.1;
					};
				};
			};
			buildConfigurationList = 58B675CA1DAF71D10011BEB2 /* Build configuration list for PBXProject "c2d-tests-moe" */;
			compatibilityVersion = "Xcode 3.2";
			developmentRegion = English;
			hasScannedForEncodings = 0;
			knownRegions = (
				en,
				Base,
			);
			mainGroup = 58B675C61DAF71D10011BEB2;
			productRefGroup = 58B675D01DAF71D10011BEB2 /* Products */;
			projectDirPath = "";
			projectRoot = "";
			targets = (
				58B675CE1DAF71D10011BEB2 /* c2d-tests-moe */,
				58B675F01DAF71EE0011BEB2 /* c2d-tests-moe-Test */,
			);
		};
/* End PBXProject section */

/* Begin PBXResourcesBuildPhase section */
		58B675CD1DAF71D10011BEB2 /* Resources */ = {
			isa = PBXResourcesBuildPhase;
			buildActionMask = 2147483647;
			files = (
				58B675E11DAF71D10011BEB2 /* Main.storyboard in Resources */,
				58B675DB1DAF71D10011BEB2 /* Shader.vsh in Resources */,
				58B675E31DAF71D10011BEB2 /* Assets.xcassets in Resources */,
				58B675E61DAF71D10011BEB2 /* LaunchScreen.storyboard in Resources */,
				58B675D91DAF71D10011BEB2 /* Shader.fsh in Resources */,
			);
			runOnlyForDeploymentPostprocessing = 0;
		};
		58B675EF1DAF71EE0011BEB2 /* Resources */ = {
			isa = PBXResourcesBuildPhase;
			buildActionMask = 2147483647;
			files = (
			);
			runOnlyForDeploymentPostprocessing = 0;
		};
/* End PBXResourcesBuildPhase section */

/* Begin PBXShellScriptBuildPhase section */
		BE3A077582C631C993172821 /* Compile Sources (MOE) */ = {
			isa = PBXShellScriptBuildPhase;
			buildActionMask = 2147483647;
			runOnlyForDeploymentPostprocessing = 0;
			files = (
			);
			inputPaths = (
			);
			outputPaths = (
			);
			name = "Compile Sources (MOE)";
			shellPath = /bin/bash;
			shellScript = "set -e\n\nexport MOE_BUILD_SOURCE_SET=\"test\"\n\n# Check project directory\nif [ ! -d \"$MOE_PROJECT_DIR\" ]; then\n    echo \"$0:$LINENO:1: error: 'MOE_PROJECT_DIR' doesn't point to a directory!\"; exit 1;\nfi\ncd \"$MOE_PROJECT_DIR\"\n\n# Export JAVA_HOME\nexport JAVA_HOME=$(/usr/libexec/java_home -v 1.8)\n\n# Utility function for finding the Gradle implementation\nfunction findGradle {\n    CD=\"$PWD\"\n    while [ \"$CD\" != \"\" ]; do\n        echo \"Looking for gradlew in $CD\"\n        if [ -x \"$CD/gradlew\" ]; then\n            GRADLE_EXEC=$CD/gradlew\n            return 0\n        fi\n        CD=\"${CD%/*}\"\n    done\n\n    echo \"Checking with 'which'\"\n    GRADLE_EXEC=$(which 'gradle')\n\n    if [ \"$GRADLE_EXEC\" = \"\" ]; then\n        echo \"Failed to locate 'gradle' executable!\"\n        exit 1\n    fi\n}\n\n# Build project with Gradle\nif [ -z \"$MOE_GRADLE_EXTERNAL_BUILD\" ]; then\n    findGradle\n    \"$GRADLE_EXEC\" --no-daemon moeXcodeInternal -s\nfi\n\n# Check output directory\nif [ ! -d \"${MOE_PROJECT_BUILD_DIR}\" ]; then\n    echo \"$0:$LINENO:1: error: 'MOE_PROJECT_BUILD_DIR' doesn't point to a directory!\"; exit 1;\nfi\n\n# Copy some resources\nmkdir -p \"${TARGET_BUILD_DIR}/${UNLOCALIZED_RESOURCES_FOLDER_PATH}\"\ncp \"${MOE_PROJECT_BUILD_DIR}/moe/${MOE_BUILD_SOURCE_SET}/application.jar\" \"${TARGET_BUILD_DIR}/${UNLOCALIZED_RESOURCES_FOLDER_PATH}/\"\ncp \"${MOE_PROJECT_BUILD_DIR}/moe/${MOE_BUILD_SOURCE_SET}/preregister.txt\" \"${TARGET_BUILD_DIR}/${UNLOCALIZED_RESOURCES_FOLDER_PATH}/\"\nif [ \"${MOE_BUILD_SOURCE_SET}\" == \"test\" ]; then\n    cp \"${MOE_PROJECT_BUILD_DIR}/moe/${MOE_BUILD_SOURCE_SET}/classlist.txt\" \"${TARGET_BUILD_DIR}/${UNLOCALIZED_RESOURCES_FOLDER_PATH}/\"\nfi\n\n# Copy android CA certificates on demand\nif [ \"${MOE_COPY_ANDROID_CACERTS}\" == \"YES\" ]; then\n    rm -rf \"${TARGET_BUILD_DIR}/${UNLOCALIZED_RESOURCES_FOLDER_PATH}/android_root/etc/security/cacerts\"\n    mkdir -p \"${TARGET_BUILD_DIR}/${UNLOCALIZED_RESOURCES_FOLDER_PATH}/android_root/etc/security/cacerts\"\n    unzip \"${MOE_SDK_PATH}/sdk/moe-core-certificates.zip\" -d \"${TARGET_BUILD_DIR}/${UNLOCALIZED_RESOURCES_FOLDER_PATH}/android_root/etc/security/cacerts\"\nfi\n\n# Copy and sign MOE framework\nrsync -av --filter \"- CVS/\" --filter \"- .svn/\" --filter \"- .git/\" --filter \"- .hg/\" --filter \"- Headers\" --filter \"- PrivateHeaders\" --filter \"- Modules\" \\\n    \"${MOE_FRAMEWORK_PATH}/MOE.framework\" \"${TARGET_BUILD_DIR}/${FRAMEWORKS_FOLDER_PATH}/\"\nif [ -n \"${EXPANDED_CODE_SIGN_IDENTITY}\" -a \"${CODE_SIGNING_REQUIRED}\" != \"NO\" -a \"${CODE_SIGNING_ALLOWED}\" != \"NO\" ]; then\n    /usr/bin/codesign --force --sign $EXPANDED_CODE_SIGN_IDENTITY $OTHER_CODE_SIGN_FLAGS \\\n        --preserve-metadata=identifier,entitlements \"${TARGET_BUILD_DIR}/${FRAMEWORKS_FOLDER_PATH}/MOE.framework\"\nfi\n";
		};
		C2C92CBA6F56F424EE5DB00A /* Compile Sources (MOE) */ = {
			isa = PBXShellScriptBuildPhase;
			buildActionMask = 2147483647;
			runOnlyForDeploymentPostprocessing = 0;
			files = (
			);
			inputPaths = (
			);
			outputPaths = (
			);
			name = "Compile Sources (MOE)";
			shellPath = /bin/bash;
			shellScript = "set -e\n\nexport MOE_BUILD_SOURCE_SET=\"main\"\n\n# Check project directory\nif [ ! -d \"$MOE_PROJECT_DIR\" ]; then\n    echo \"$0:$LINENO:1: error: 'MOE_PROJECT_DIR' doesn't point to a directory!\"; exit 1;\nfi\ncd \"$MOE_PROJECT_DIR\"\n\n# Export JAVA_HOME\nexport JAVA_HOME=$(/usr/libexec/java_home -v 1.8)\n\n# Utility function for finding the Gradle implementation\nfunction findGradle {\n    CD=\"$PWD\"\n    while [ \"$CD\" != \"\" ]; do\n        echo \"Looking for gradlew in $CD\"\n        if [ -x \"$CD/gradlew\" ]; then\n            GRADLE_EXEC=$CD/gradlew\n            return 0\n        fi\n        CD=\"${CD%/*}\"\n    done\n\n    echo \"Checking with 'which'\"\n    GRADLE_EXEC=$(which 'gradle')\n\n    if [ \"$GRADLE_EXEC\" = \"\" ]; then\n        echo \"Failed to locate 'gradle' executable!\"\n        exit 1\n    fi\n}\n\n# Build project with Gradle\nif [ -z \"$MOE_GRADLE_EXTERNAL_BUILD\" ]; then\n    findGradle\n    \"$GRADLE_EXEC\" --no-daemon moeXcodeInternal -s\nfi\n\n# Check output directory\nif [ ! -d \"${MOE_PROJECT_BUILD_DIR}\" ]; then\n    echo \"$0:$LINENO:1: error: 'MOE_PROJECT_BUILD_DIR' doesn't point to a directory!\"; exit 1;\nfi\n\n# Copy some resources\nmkdir -p \"${TARGET_BUILD_DIR}/${UNLOCALIZED_RESOURCES_FOLDER_PATH}\"\ncp \"${MOE_PROJECT_BUILD_DIR}/moe/${MOE_BUILD_SOURCE_SET}/application.jar\" \"${TARGET_BUILD_DIR}/${UNLOCALIZED_RESOURCES_FOLDER_PATH}/\"\ncp \"${MOE_PROJECT_BUILD_DIR}/moe/${MOE_BUILD_SOURCE_SET}/preregister.txt\" \"${TARGET_BUILD_DIR}/${UNLOCALIZED_RESOURCES_FOLDER_PATH}/\"\nif [ \"${MOE_BUILD_SOURCE_SET}\" == \"test\" ]; then\n    cp \"${MOE_PROJECT_BUILD_DIR}/moe/${MOE_BUILD_SOURCE_SET}/classlist.txt\" \"${TARGET_BUILD_DIR}/${UNLOCALIZED_RESOURCES_FOLDER_PATH}/\"\nfi\n\n# Copy android CA certificates on demand\nif [ \"${MOE_COPY_ANDROID_CACERTS}\" == \"YES\" ]; then\n    rm -rf \"${TARGET_BUILD_DIR}/${UNLOCALIZED_RESOURCES_FOLDER_PATH}/android_root/etc/security/cacerts\"\n    mkdir -p \"${TARGET_BUILD_DIR}/${UNLOCALIZED_RESOURCES_FOLDER_PATH}/android_root/etc/security/cacerts\"\n    unzip \"${MOE_SDK_PATH}/sdk/moe-core-certificates.zip\" -d \"${TARGET_BUILD_DIR}/${UNLOCALIZED_RESOURCES_FOLDER_PATH}/android_root/etc/security/cacerts\"\nfi\n\n# Copy and sign MOE framework\nrsync -av --filter \"- CVS/\" --filter \"- .svn/\" --filter \"- .git/\" --filter \"- .hg/\" --filter \"- Headers\" --filter \"- PrivateHeaders\" --filter \"- Modules\" \\\n    \"${MOE_FRAMEWORK_PATH}/MOE.framework\" \"${TARGET_BUILD_DIR}/${FRAMEWORKS_FOLDER_PATH}/\"\nif [ -n \"${EXPANDED_CODE_SIGN_IDENTITY}\" -a \"${CODE_SIGNING_REQUIRED}\" != \"NO\" -a \"${CODE_SIGNING_ALLOWED}\" != \"NO\" ]; then\n    /usr/bin/codesign --force --sign $EXPANDED_CODE_SIGN_IDENTITY $OTHER_CODE_SIGN_FLAGS \\\n        --preserve-metadata=identifier,entitlements \"${TARGET_BUILD_DIR}/${FRAMEWORKS_FOLDER_PATH}/MOE.framework\"\nfi\n";
		};
/* End PBXShellScriptBuildPhase section */

/* Begin PBXSourcesBuildPhase section */
		58B675CB1DAF71D10011BEB2 /* Sources */ = {
			isa = PBXSourcesBuildPhase;
			buildActionMask = 2147483647;
			files = (
				15C2540FA1606736E99CC48C /* main.cpp in Sources */,
			);
			runOnlyForDeploymentPostprocessing = 0;
		};
		58B675ED1DAF71EE0011BEB2 /* Sources */ = {
			isa = PBXSourcesBuildPhase;
			buildActionMask = 2147483647;
			files = (
				B6FC8E19A4335DF9D1E804EC /* main.cpp in Sources */,
			);
			runOnlyForDeploymentPostprocessing = 0;
		};
/* End PBXSourcesBuildPhase section */

/* Begin PBXVariantGroup section */
		58B675DF1DAF71D10011BEB2 /* Main.storyboard */ = {
			isa = PBXVariantGroup;
			children = (
				58B675E01DAF71D10011BEB2 /* Base */,
			);
			name = Main.storyboard;
			sourceTree = "<group>";
		};
		58B675E41DAF71D10011BEB2 /* LaunchScreen.storyboard */ = {
			isa = PBXVariantGroup;
			children = (
				58B675E51DAF71D10011BEB2 /* Base */,
			);
			name = LaunchScreen.storyboard;
			sourceTree = "<group>";
		};
/* End PBXVariantGroup section */

/* Begin XCBuildConfiguration section */
		58B675E81DAF71D10011BEB2 /* Debug */ = {
			isa = XCBuildConfiguration;
			buildSettings = {
				ALWAYS_SEARCH_USER_PATHS = NO;
				CLANG_ANALYZER_NONNULL = YES;
				CLANG_CXX_LANGUAGE_STANDARD = "gnu++0x";
				CLANG_CXX_LIBRARY = "libc++";
				CLANG_ENABLE_MODULES = YES;
				CLANG_ENABLE_OBJC_ARC = YES;
				CLANG_WARN_BOOL_CONVERSION = YES;
				CLANG_WARN_CONSTANT_CONVERSION = YES;
				CLANG_WARN_DIRECT_OBJC_ISA_USAGE = YES_ERROR;
				CLANG_WARN_EMPTY_BODY = YES;
				CLANG_WARN_ENUM_CONVERSION = YES;
				CLANG_WARN_INT_CONVERSION = YES;
				CLANG_WARN_OBJC_ROOT_CLASS = YES_ERROR;
				CLANG_WARN_UNREACHABLE_CODE = YES;
				CLANG_WARN__DUPLICATE_METHOD_MATCH = YES;
				"CODE_SIGN_IDENTITY[sdk=iphoneos*]" = "iPhone Developer";
				COPY_PHASE_STRIP = NO;
				DEBUG_INFORMATION_FORMAT = "dwarf-with-dsym";
				ENABLE_STRICT_OBJC_MSGSEND = YES;
				ENABLE_TESTABILITY = YES;
				GCC_C_LANGUAGE_STANDARD = gnu99;
				GCC_DYNAMIC_NO_PIC = NO;
				GCC_NO_COMMON_BLOCKS = YES;
				GCC_OPTIMIZATION_LEVEL = 0;
				GCC_PREPROCESSOR_DEFINITIONS = (
					"DEBUG=1",
					"$(inherited)",
				);
				GCC_WARN_64_TO_32_BIT_CONVERSION = YES;
				GCC_WARN_ABOUT_RETURN_TYPE = YES_ERROR;
				GCC_WARN_UNDECLARED_SELECTOR = YES;
				GCC_WARN_UNINITIALIZED_AUTOS = YES_AGGRESSIVE;
				GCC_WARN_UNUSED_FUNCTION = YES;
				GCC_WARN_UNUSED_VARIABLE = YES;
				IPHONEOS_DEPLOYMENT_TARGET = 9.3;
				MTL_ENABLE_DEBUG_INFO = YES;
				ONLY_ACTIVE_ARCH = YES;
				SDKROOT = iphoneos;
				TARGETED_DEVICE_FAMILY = "1,2";
			};
			name = Debug;
		};
		58B675E91DAF71D10011BEB2 /* Release */ = {
			isa = XCBuildConfiguration;
			buildSettings = {
				ALWAYS_SEARCH_USER_PATHS = NO;
				CLANG_ANALYZER_NONNULL = YES;
				CLANG_CXX_LANGUAGE_STANDARD = "gnu++0x";
				CLANG_CXX_LIBRARY = "libc++";
				CLANG_ENABLE_MODULES = YES;
				CLANG_ENABLE_OBJC_ARC = YES;
				CLANG_WARN_BOOL_CONVERSION = YES;
				CLANG_WARN_CONSTANT_CONVERSION = YES;
				CLANG_WARN_DIRECT_OBJC_ISA_USAGE = YES_ERROR;
				CLANG_WARN_EMPTY_BODY = YES;
				CLANG_WARN_ENUM_CONVERSION = YES;
				CLANG_WARN_INT_CONVERSION = YES;
				CLANG_WARN_OBJC_ROOT_CLASS = YES_ERROR;
				CLANG_WARN_UNREACHABLE_CODE = YES;
				CLANG_WARN__DUPLICATE_METHOD_MATCH = YES;
				"CODE_SIGN_IDENTITY[sdk=iphoneos*]" = "iPhone Developer";
				COPY_PHASE_STRIP = NO;
				DEBUG_INFORMATION_FORMAT = "dwarf-with-dsym";
				ENABLE_NS_ASSERTIONS = NO;
				ENABLE_STRICT_OBJC_MSGSEND = YES;
				GCC_C_LANGUAGE_STANDARD = gnu99;
				GCC_NO_COMMON_BLOCKS = YES;
				GCC_WARN_64_TO_32_BIT_CONVERSION = YES;
				GCC_WARN_ABOUT_RETURN_TYPE = YES_ERROR;
				GCC_WARN_UNDECLARED_SELECTOR = YES;
				GCC_WARN_UNINITIALIZED_AUTOS = YES_AGGRESSIVE;
				GCC_WARN_UNUSED_FUNCTION = YES;
				GCC_WARN_UNUSED_VARIABLE = YES;
				IPHONEOS_DEPLOYMENT_TARGET = 9.3;
				MTL_ENABLE_DEBUG_INFO = NO;
				SDKROOT = iphoneos;
				TARGETED_DEVICE_FAMILY = "1,2";
				VALIDATE_PRODUCT = YES;
			};
			name = Release;
		};
		58B675EB1DAF71D10011BEB2 /* Debug */ = {
			isa = XCBuildConfiguration;
			buildSettings = {
				ASSETCATALOG_COMPILER_APPICON_NAME = AppIcon;
				DEAD_CODE_STRIPPING = NO;
				ENABLE_BITCODE = NO;
				FRAMEWORK_SEARCH_PATHS = (
					"$(inherited)",
					"${MOE_FRAMEWORK_PATH}",
				);
				INFOPLIST_FILE = "c2d-tests-moe/Info.plist";
				LD_RUNPATH_SEARCH_PATHS = "$(inherited) @executable_path/Frameworks";
				MOE_COPY_ANDROID_CACERTS = NO;
				MOE_FRAMEWORK_PATH = "${MOE_SDK_PATH}/sdk/${PLATFORM_NAME}";
				MOE_OTHER_LDFLAGS = "${MOE_SECT_OAT} ${MOE_SECT_ART} ${MOE_SEGPROT} ${MOE_PAGEZERO} ${MOE_CUSTOM_OTHER_LDFLAGS} -lstdc++ -framework MOE";
				"MOE_PAGEZERO[sdk=iphoneos*]" = "";
				"MOE_PAGEZERO[sdk=iphonesimulator*]" = "-pagezero_size 4096";
				MOE_PROJECT_BUILD_DIR = "${MOE_PROJECT_DIR}/build";
				MOE_PROJECT_DIR = "${SRCROOT}/../";
				MOE_SDK_PATH = "${MOE_PROJECT_BUILD_DIR}/moe/sdk";
				MOE_SECT_ART = "-sectcreate __ARTDATA __artdata \"${MOE_PROJECT_BUILD_DIR}/moe/main/xcode/${CONFIGURATION}${EFFECTIVE_PLATFORM_NAME}/${arch}.art\"";
				MOE_SECT_OAT = "-sectcreate __OATDATA __oatdata \"${MOE_PROJECT_BUILD_DIR}/moe/main/xcode/${CONFIGURATION}${EFFECTIVE_PLATFORM_NAME}/${arch}.oat\"";
				"MOE_SEGPROT[sdk=iphoneos*]" = "-segprot __OATDATA rx rx -segprot __ARTDATA rw rw";
				"MOE_SEGPROT[sdk=iphonesimulator*]" = "-segprot __OATDATA rwx rx -segprot __ARTDATA rwx rw";
				ONLY_ACTIVE_ARCH = YES;
				OTHER_LDFLAGS = (
					"$(inherited)",
					"${MOE_OTHER_LDFLAGS}",
				);
				PRODUCT_BUNDLE_IDENTIFIER = "c2d.c2d-tests-moe";
				PRODUCT_NAME = "$(TARGET_NAME)";
				STRIP_STYLE = "non-global";
			};
			name = Debug;
		};
		58B675EC1DAF71D10011BEB2 /* Release */ = {
			isa = XCBuildConfiguration;
			buildSettings = {
				ASSETCATALOG_COMPILER_APPICON_NAME = AppIcon;
				DEAD_CODE_STRIPPING = NO;
				ENABLE_BITCODE = NO;
				FRAMEWORK_SEARCH_PATHS = (
					"$(inherited)",
					"${MOE_FRAMEWORK_PATH}",
				);
				INFOPLIST_FILE = "c2d-tests-moe/Info.plist";
				LD_RUNPATH_SEARCH_PATHS = "$(inherited) @executable_path/Frameworks";
				MOE_COPY_ANDROID_CACERTS = NO;
				MOE_FRAMEWORK_PATH = "${MOE_SDK_PATH}/sdk/${PLATFORM_NAME}";
				MOE_OTHER_LDFLAGS = "${MOE_SECT_OAT} ${MOE_SECT_ART} ${MOE_SEGPROT} ${MOE_PAGEZERO} ${MOE_CUSTOM_OTHER_LDFLAGS} -lstdc++ -framework MOE";
				"MOE_PAGEZERO[sdk=iphoneos*]" = "";
				"MOE_PAGEZERO[sdk=iphonesimulator*]" = "-pagezero_size 4096";
				MOE_PROJECT_BUILD_DIR = "${MOE_PROJECT_DIR}/build";
				MOE_PROJECT_DIR = "${SRCROOT}/../";
				MOE_SDK_PATH = "${MOE_PROJECT_BUILD_DIR}/moe/sdk";
				MOE_SECT_ART = "-sectcreate __ARTDATA __artdata \"${MOE_PROJECT_BUILD_DIR}/moe/main/xcode/${CONFIGURATION}${EFFECTIVE_PLATFORM_NAME}/${arch}.art\"";
				MOE_SECT_OAT = "-sectcreate __OATDATA __oatdata \"${MOE_PROJECT_BUILD_DIR}/moe/main/xcode/${CONFIGURATION}${EFFECTIVE_PLATFORM_NAME}/${arch}.oat\"";
				"MOE_SEGPROT[sdk=iphoneos*]" = "-segprot __OATDATA rx rx -segprot __ARTDATA rw rw";
				"MOE_SEGPROT[sdk=iphonesimulator*]" = "-segprot __OATDATA rwx rx -segprot __ARTDATA rwx rw";
				ONLY_ACTIVE_ARCH = NO;
				OTHER_LDFLAGS = (
					"$(inherited)",
					"${MOE_OTHER_LDFLAGS}",
				);
				PRODUCT_BUNDLE_IDENTIFIER = "c2d.c2d-tests-moe";
				PRODUCT_NAME = "$(TARGET_NAME)";
				STRIP_STYLE = "non-global";
			};
			name = Release;
		};
		58B676061DAF71EE0011BEB2 /* Debug */ = {
			isa = XCBuildConfiguration;
			buildSettings = {
				ASSETCATALOG_COMPILER_APPICON_NAME = AppIcon;
				DEAD_CODE_STRIPPING = NO;
				DEBUG_INFORMATION_FORMAT = dwarf;
				ENABLE_BITCODE = NO;
				FRAMEWORK_SEARCH_PATHS = (
					"$(inherited)",
					"${MOE_FRAMEWORK_PATH}",
				);
				INFOPLIST_FILE = "c2d-tests-moe-Test/Info.plist";
				LD_RUNPATH_SEARCH_PATHS = "$(inherited) @executable_path/Frameworks";
				MOE_COPY_ANDROID_CACERTS = NO;
				MOE_FRAMEWORK_PATH = "${MOE_SDK_PATH}/sdk/${PLATFORM_NAME}";
				MOE_OTHER_LDFLAGS = "${MOE_SECT_OAT} ${MOE_SECT_ART} ${MOE_SEGPROT} ${MOE_PAGEZERO} ${MOE_CUSTOM_OTHER_LDFLAGS} -lstdc++ -framework MOE";
				"MOE_PAGEZERO[sdk=iphoneos*]" = "";
				"MOE_PAGEZERO[sdk=iphonesimulator*]" = "-pagezero_size 4096";
				MOE_PROJECT_BUILD_DIR = "${MOE_PROJECT_DIR}/build";
				MOE_PROJECT_DIR = "${SRCROOT}/../";
				MOE_SDK_PATH = "${MOE_PROJECT_BUILD_DIR}/moe/sdk";
				MOE_SECT_ART = "-sectcreate __ARTDATA __artdata \"${MOE_PROJECT_BUILD_DIR}/moe/test/xcode/${CONFIGURATION}${EFFECTIVE_PLATFORM_NAME}/${arch}.art\"";
				MOE_SECT_OAT = "-sectcreate __OATDATA __oatdata \"${MOE_PROJECT_BUILD_DIR}/moe/test/xcode/${CONFIGURATION}${EFFECTIVE_PLATFORM_NAME}/${arch}.oat\"";
				"MOE_SEGPROT[sdk=iphoneos*]" = "-segprot __OATDATA rx rx -segprot __ARTDATA rw rw";
				"MOE_SEGPROT[sdk=iphonesimulator*]" = "-segprot __OATDATA rwx rx -segprot __ARTDATA rwx rw";
				ONLY_ACTIVE_ARCH = YES;
				OTHER_LDFLAGS = (
					"$(inherited)",
					"${MOE_OTHER_LDFLAGS}",
				);
				PRODUCT_BUNDLE_IDENTIFIER = "c2d.c2d-tests-moe-Test";
				PRODUCT_NAME = "$(TARGET_NAME)";
				STRIP_STYLE = "non-global";
			};
			name = Debug;
		};
		58B676071DAF71EE0011BEB2 /* Release */ = {
			isa = XCBuildConfiguration;
			buildSettings = {
				ASSETCATALOG_COMPILER_APPICON_NAME = AppIcon;
				DEAD_CODE_STRIPPING = NO;
				ENABLE_BITCODE = NO;
				FRAMEWORK_SEARCH_PATHS = (
					"$(inherited)",
					"${MOE_FRAMEWORK_PATH}",
				);
				INFOPLIST_FILE = "c2d-tests-moe-Test/Info.plist";
				LD_RUNPATH_SEARCH_PATHS = "$(inherited) @executable_path/Frameworks";
				MOE_COPY_ANDROID_CACERTS = NO;
				MOE_FRAMEWORK_PATH = "${MOE_SDK_PATH}/sdk/${PLATFORM_NAME}";
				MOE_OTHER_LDFLAGS = "${MOE_SECT_OAT} ${MOE_SECT_ART} ${MOE_SEGPROT} ${MOE_PAGEZERO} ${MOE_CUSTOM_OTHER_LDFLAGS} -lstdc++ -framework MOE";
				"MOE_PAGEZERO[sdk=iphoneos*]" = "";
				"MOE_PAGEZERO[sdk=iphonesimulator*]" = "-pagezero_size 4096";
				MOE_PROJECT_BUILD_DIR = "${MOE_PROJECT_DIR}/build";
				MOE_PROJECT_DIR = "${SRCROOT}/../";
				MOE_SDK_PATH = "${MOE_PROJECT_BUILD_DIR}/moe/sdk";
				MOE_SECT_ART = "-sectcreate __ARTDATA __artdata \"${MOE_PROJECT_BUILD_DIR}/moe/test/xcode/${CONFIGURATION}${EFFECTIVE_PLATFORM_NAME}/${arch}.art\"";
				MOE_SECT_OAT = "-sectcreate __OATDATA __oatdata \"${MOE_PROJECT_BUILD_DIR}/moe/test/xcode/${CONFIGURATION}${EFFECTIVE_PLATFORM_NAME}/${arch}.oat\"";
				"MOE_SEGPROT[sdk=iphoneos*]" = "-segprot __OATDATA rx rx -segprot __ARTDATA rw rw";
				"MOE_SEGPROT[sdk=iphonesimulator*]" = "-segprot __OATDATA rwx rx -segprot __ARTDATA rwx rw";
				ONLY_ACTIVE_ARCH = NO;
				OTHER_LDFLAGS = (
					"$(inherited)",
					"${MOE_OTHER_LDFLAGS}",
				);
				PRODUCT_BUNDLE_IDENTIFIER = "c2d.c2d-tests-moe-Test";
				PRODUCT_NAME = "$(TARGET_NAME)";
				STRIP_STYLE = "non-global";
			};
			name = Release;
		};
/* End XCBuildConfiguration section */

/* Begin XCConfigurationList section */
		58B675CA1DAF71D10011BEB2 /* Build configuration list for PBXProject "c2d-tests-moe" */ = {
			isa = XCConfigurationList;
			buildConfigurations = (
				58B675E81DAF71D10011BEB2 /* Debug */,
				58B675E91DAF71D10011BEB2 /* Release */,
			);
			defaultConfigurationIsVisible = 0;
			defaultConfigurationName = Release;
		};
		58B675EA1DAF71D10011BEB2 /* Build configuration list for PBXNativeTarget "c2d-tests-moe" */ = {
			isa = XCConfigurationList;
			buildConfigurations = (
				58B675EB1DAF71D10011BEB2 /* Debug */,
				58B675EC1DAF71D10011BEB2 /* Release */,
			);
			defaultConfigurationIsVisible = 0;
		};
		58B676051DAF71EE0011BEB2 /* Build configuration list for PBXNativeTarget "c2d-tests-moe-Test" */ = {
			isa = XCConfigurationList;
			buildConfigurations = (
				58B676061DAF71EE0011BEB2 /* Debug */,
				58B676071DAF71EE0011BEB2 /* Release */,
			);
			defaultConfigurationIsVisible = 0;
		};
/* End XCConfigurationList section */
	};
	rootObject = 58B675C71DAF71D10011BEB2 /* Project object */;
}
